
Microsoft Visual Studio Solution File, Format Version 12.00
# Visual Studio Version 17
VisualStudioVersion = 17.4.33213.308
MinimumVisualStudioVersion = 10.0.40219.1
Project("{FAE04EC0-301F-11D3-BF4B-00C04F79EFBC}") = "CRUD_LINQ", "CRUD_LINQ\CRUD_LINQ.csproj", "{A00B707C-247A-4505-AC42-F2E3A750C4BC}"
EndProject
Global
	GlobalSection(SolutionConfigurationPlatforms) = preSolution
		Debug|Any CPU = Debug|Any CPU
		Release|Any CPU = Release|Any CPU
	EndGlobalSection
	GlobalSection(ProjectConfigurationPlatforms) = postSolution
		{A00B707C-247A-4505-AC42-F2E3A750C4BC}.Debug|Any CPU.ActiveCfg = Debug|Any CPU
		{A00B707C-247A-4505-AC42-F2E3A750C4BC}.Debug|Any CPU.Build.0 = Debug|Any CPU
		{A00B707C-247A-4505-AC42-F2E3A750C4BC}.Release|Any CPU.ActiveCfg = Release|Any CPU
		{A00B707C-247A-4505-AC42-F2E3A750C4BC}.Release|Any CPU.Build.0 = Release|Any CPU
	EndGlobalSection
	GlobalSection(SolutionProperties) = preSolution
		HideSolutionNode = FALSE
	EndGlobalSection
	GlobalSection(ExtensibilityGlobals) = postSolution
		SolutionGuid = {B725ABCC-DC1E-4872-AE4C-9D00C0997824}
	EndGlobalSection
EndGlobal
